
Microsoft Visual Studio Solution File, Format Version 12.00
# Visual Studio Version 16
VisualStudioVersion = 16.0.31321.278
MinimumVisualStudioVersion = 10.0.40219.1
Project("{FAE04EC0-301F-11D3-BF4B-00C04F79EFBC}") = "Communications-log", "Communications-log\Communications-log.csproj", "{64FC1E04-1483-4BCD-8B88-37CD3DB5E282}"
EndProject
Global
	GlobalSection(SolutionConfigurationPlatforms) = preSolution
		Debug|Any CPU = Debug|Any CPU
		Release|Any CPU = Release|Any CPU
	EndGlobalSection
	GlobalSection(ProjectConfigurationPlatforms) = postSolution
		{64FC1E04-1483-4BCD-8B88-37CD3DB5E282}.Debug|Any CPU.ActiveCfg = Debug|Any CPU
		{64FC1E04-1483-4BCD-8B88-37CD3DB5E282}.Debug|Any CPU.Build.0 = Debug|Any CPU
		{64FC1E04-1483-4BCD-8B88-37CD3DB5E282}.Release|Any CPU.ActiveCfg = Release|Any CPU
		{64FC1E04-1483-4BCD-8B88-37CD3DB5E282}.Release|Any CPU.Build.0 = Release|Any CPU
	EndGlobalSection
	GlobalSection(SolutionProperties) = preSolution
		HideSolutionNode = FALSE
	EndGlobalSection
	GlobalSection(ExtensibilityGlobals) = postSolution
		SolutionGuid = {BC76C574-6E72-4665-81CA-1FF5847B660A}
	EndGlobalSection
EndGlobal
